Microsoft Visual Studio Solution File, Format Version 12.00
# Visual Studio Version 17
VisualStudioVersion = 17.0.31903.59
MinimumVisualStudioVersion = 10.0.40219.1
Project("{2150E333-8FDC-42A3-9474-1A3956D46DE8}") = "src", "src", "{AD9722B3-CF5A-48BC-A4DA-1ABFFA6A6A86}"
EndProject
Project("{2150E333-8FDC-42A3-9474-1A3956D46DE8}") = "Data", "Data", "{879745CD-EA79-42E2-A5E5-19405E0D352C}"
EndProject
Project("{2150E333-8FDC-42A3-9474-1A3956D46DE8}") = "Core", "Core", "{85A24BEE-48D7-42A0-942C-10D45B6A32FD}"
EndProject
Project("{FAE04EC0-301F-11D3-BF4B-00C04F79EFBC}") = "ParusRx.Data.Core", "src\Data\Core\src\ParusRx.Data.Core.csproj", "{B094F109-5F69-448A-94A1-B55B2B367A93}"
EndProject
Project("{FAE04EC0-301F-11D3-BF4B-00C04F79EFBC}") = "ParusRx.Data.Core.Tests", "src\Data\Core\test\ParusRx.Data.Core.Tests.csproj", "{20C86C73-E487-491A-A682-F68323E0394B}"
EndProject
Project("{2150E333-8FDC-42A3-9474-1A3956D46DE8}") = "Oracle", "Oracle", "{E64B7D85-D458-47A6-B2CE-49AFDFCC5062}"
EndProject
Project("{FAE04EC0-301F-11D3-BF4B-00C04F79EFBC}") = "ParusRx.Data.Oracle", "src\Data\Oracle\src\ParusRx.Data.Oracle.csproj", "{DF93BE0C-2153-4AB3-BB1F-7AD632718F1E}"
EndProject
Project("{FAE04EC0-301F-11D3-BF4B-00C04F79EFBC}") = "ParusRx.Data.Oracle.Tests", "src\Data\Oracle\test\ParusRx.Data.Oracle.Tests.csproj", "{A3E870D7-E652-4986-A611-5EC645EA464B}"
EndProject
Project("{2150E333-8FDC-42A3-9474-1A3956D46DE8}") = "PostgreSql", "PostgreSql", "{A78C9BA4-EE65-4526-AED7-71295CF5600D}"
EndProject
Project("{FAE04EC0-301F-11D3-BF4B-00C04F79EFBC}") = "ParusRx.Data.PostgreSql", "src\Data\PostgreSql\src\ParusRx.Data.PostgreSql.csproj", "{53366628-16DD-41F0-B17A-DB2149B9275A}"
EndProject
Project("{FAE04EC0-301F-11D3-BF4B-00C04F79EFBC}") = "ParusRx.Data.PostgreSql.Tests", "src\Data\PostgreSql\test\ParusRx.Data.PostgreSql.Tests.csproj", "{3CC6B3A3-E33E-4FD4-9CC5-9A1C392348D8}"
EndProject
Project("{2150E333-8FDC-42A3-9474-1A3956D46DE8}") = "EventBus", "EventBus", "{DCF2102C-BEFA-4790-83A6-09176E349634}"
EndProject
Project("{2150E333-8FDC-42A3-9474-1A3956D46DE8}") = "Abstractions", "Abstractions", "{52C20959-9AD6-4705-A7D4-D2F8A2B62B04}"
EndProject
Project("{FAE04EC0-301F-11D3-BF4B-00C04F79EFBC}") = "ParusRx.EventBus.Abstractions", "src\EventBus\Abstractions\src\ParusRx.EventBus.Abstractions.csproj", "{36B295E4-EC56-4761-808C-9AA7F28A31E0}"
EndProject
Project("{2150E333-8FDC-42A3-9474-1A3956D46DE8}") = "Dapr", "Dapr", "{FEC5B454-27EB-4AB6-9E96-EE90F7E0C246}"
EndProject
Project("{FAE04EC0-301F-11D3-BF4B-00C04F79EFBC}") = "ParusRx.EventBus.Dapr", "src\EventBus\Dapr\src\ParusRx.EventBus.Dapr.csproj", "{518DE3A5-A354-418C-8C25-15D7036B6139}"
EndProject
Project("{2150E333-8FDC-42A3-9474-1A3956D46DE8}") = "EventBus", "EventBus", "{6283B864-27F0-44A3-8DC3-21B50C91C8E8}"
EndProject
Project("{FAE04EC0-301F-11D3-BF4B-00C04F79EFBC}") = "ParusRx.EventBus", "src\EventBus\EventBus\src\ParusRx.EventBus.csproj", "{365E4D37-E19A-47D5-8274-FD1CFE1BCDF5}"
EndProject
Project("{2150E333-8FDC-42A3-9474-1A3956D46DE8}") = "MultiTenancy", "MultiTenancy", "{090577CA-4C6F-4C20-9569-DE164386D7DA}"
EndProject
Project("{FAE04EC0-301F-11D3-BF4B-00C04F79EFBC}") = "ParusRx.EventBus.MultiTenancy", "src\EventBus\MultiTenancy\src\ParusRx.EventBus.MultiTenancy.csproj", "{40FDE7C3-11F7-43D1-86E9-CF9103A2E4A5}"
EndProject
Project("{2150E333-8FDC-42A3-9474-1A3956D46DE8}") = "Storage", "Storage", "{9AB1756D-5AD6-4A79-9BB7-8625A032DE80}"
EndProject
Project("{2150E333-8FDC-42A3-9474-1A3956D46DE8}") = "Abstractions", "Abstractions", "{943EF77C-8B75-4664-990C-76ABF2651CF8}"
EndProject
Project("{FAE04EC0-301F-11D3-BF4B-00C04F79EFBC}") = "ParusRx.Storage.Abstractions", "src\Storage\Abstractions\src\ParusRx.Storage.Abstractions.csproj", "{31354F6C-BA07-4126-985E-A18BB9FABD6F}"
EndProject
Project("{2150E333-8FDC-42A3-9474-1A3956D46DE8}") = "Oracle", "Oracle", "{3DCAC87A-7D7B-47C0-BF2C-09C85ED55710}"
EndProject
Project("{FAE04EC0-301F-11D3-BF4B-00C04F79EFBC}") = "ParusRx.Storage.Oracle", "src\Storage\Oracle\src\ParusRx.Storage.Oracle.csproj", "{192C31A8-05F0-4E45-8CB0-892525B14922}"
EndProject
Project("{2150E333-8FDC-42A3-9474-1A3956D46DE8}") = "Postgres", "Postgres", "{1B0258F6-2738-4592-A66F-377AC7727C6A}"
EndProject
Project("{FAE04EC0-301F-11D3-BF4B-00C04F79EFBC}") = "ParusRx.Storage.Postgres", "src\Storage\Postgres\src\ParusRx.Storage.Postgres.csproj", "{820AB560-E045-4A0B-97E0-727578D17FE3}"
EndProject
Project("{2150E333-8FDC-42A3-9474-1A3956D46DE8}") = "Xml", "Xml", "{151470D0-2949-4F42-BE4C-699B8BA59BDC}"
EndProject
Project("{FAE04EC0-301F-11D3-BF4B-00C04F79EFBC}") = "ParusRx.Xml", "src\Xml\src\ParusRx.Xml.csproj", "{55E2A18C-F31A-4381-BE24-BC8050F2A7E8}"
EndProject
Project("{FAE04EC0-301F-11D3-BF4B-00C04F79EFBC}") = "ParusRx.Xml.Tests", "src\Xml\test\ParusRx.Xml.Tests.csproj", "{E49AF388-1D52-4A07-A334-18B9BDD98073}"
EndProject
Project("{2150E333-8FDC-42A3-9474-1A3956D46DE8}") = "MultiTenancy", "MultiTenancy", "{331BC7AE-5AD9-4077-82E4-2C5B3D21E562}"
EndProject
Project("{FAE04EC0-301F-11D3-BF4B-00C04F79EFBC}") = "ParusRx.MultiTenancy", "src\MultiTenancy\src\ParusRx.MultiTenancy.csproj", "{776483FC-267D-4693-8D06-4ABBE0FD6201}"
EndProject
Project("{FAE04EC0-301F-11D3-BF4B-00C04F79EFBC}") = "ParusRx.MultiTenancy.Tests", "src\MultiTenancy\test\ParusRx.MultiTenancy.Tests.csproj", "{535710C4-93F1-46B5-9E1C-6A47C8C07BD8}"
EndProject
Global
	GlobalSection(SolutionConfigurationPlatforms) = preSolution
		Debug|Any CPU = Debug|Any CPU
		Release|Any CPU = Release|Any CPU
	EndGlobalSection
	GlobalSection(SolutionProperties) = preSolution
		HideSolutionNode = FALSE
	EndGlobalSection
	GlobalSection(ProjectConfigurationPlatforms) = postSolution
		{B094F109-5F69-448A-94A1-B55B2B367A93}.Debug|Any CPU.ActiveCfg = Debug|Any CPU
		{B094F109-5F69-448A-94A1-B55B2B367A93}.Debug|Any CPU.Build.0 = Debug|Any CPU
		{B094F109-5F69-448A-94A1-B55B2B367A93}.Release|Any CPU.ActiveCfg = Release|Any CPU
		{B094F109-5F69-448A-94A1-B55B2B367A93}.Release|Any CPU.Build.0 = Release|Any CPU
		{20C86C73-E487-491A-A682-F68323E0394B}.Debug|Any CPU.ActiveCfg = Debug|Any CPU
		{20C86C73-E487-491A-A682-F68323E0394B}.Debug|Any CPU.Build.0 = Debug|Any CPU
		{20C86C73-E487-491A-A682-F68323E0394B}.Release|Any CPU.ActiveCfg = Release|Any CPU
		{20C86C73-E487-491A-A682-F68323E0394B}.Release|Any CPU.Build.0 = Release|Any CPU
		{DF93BE0C-2153-4AB3-BB1F-7AD632718F1E}.Debug|Any CPU.ActiveCfg = Debug|Any CPU
		{DF93BE0C-2153-4AB3-BB1F-7AD632718F1E}.Debug|Any CPU.Build.0 = Debug|Any CPU
		{DF93BE0C-2153-4AB3-BB1F-7AD632718F1E}.Release|Any CPU.ActiveCfg = Release|Any CPU
		{DF93BE0C-2153-4AB3-BB1F-7AD632718F1E}.Release|Any CPU.Build.0 = Release|Any CPU
		{A3E870D7-E652-4986-A611-5EC645EA464B}.Debug|Any CPU.ActiveCfg = Debug|Any CPU
		{A3E870D7-E652-4986-A611-5EC645EA464B}.Debug|Any CPU.Build.0 = Debug|Any CPU
		{A3E870D7-E652-4986-A611-5EC645EA464B}.Release|Any CPU.ActiveCfg = Release|Any CPU
		{A3E870D7-E652-4986-A611-5EC645EA464B}.Release|Any CPU.Build.0 = Release|Any CPU
		{53366628-16DD-41F0-B17A-DB2149B9275A}.Debug|Any CPU.ActiveCfg = Debug|Any CPU
		{53366628-16DD-41F0-B17A-DB2149B9275A}.Debug|Any CPU.Build.0 = Debug|Any CPU
		{53366628-16DD-41F0-B17A-DB2149B9275A}.Release|Any CPU.ActiveCfg = Release|Any CPU
		{53366628-16DD-41F0-B17A-DB2149B9275A}.Release|Any CPU.Build.0 = Release|Any CPU
		{3CC6B3A3-E33E-4FD4-9CC5-9A1C392348D8}.Debug|Any CPU.ActiveCfg = Debug|Any CPU
		{3CC6B3A3-E33E-4FD4-9CC5-9A1C392348D8}.Debug|Any CPU.Build.0 = Debug|Any CPU
		{3CC6B3A3-E33E-4FD4-9CC5-9A1C392348D8}.Release|Any CPU.ActiveCfg = Release|Any CPU
		{3CC6B3A3-E33E-4FD4-9CC5-9A1C392348D8}.Release|Any CPU.Build.0 = Release|Any CPU
		{36B295E4-EC56-4761-808C-9AA7F28A31E0}.Debug|Any CPU.ActiveCfg = Debug|Any CPU
		{36B295E4-EC56-4761-808C-9AA7F28A31E0}.Debug|Any CPU.Build.0 = Debug|Any CPU
		{36B295E4-EC56-4761-808C-9AA7F28A31E0}.Release|Any CPU.ActiveCfg = Release|Any CPU
		{36B295E4-EC56-4761-808C-9AA7F28A31E0}.Release|Any CPU.Build.0 = Release|Any CPU
		{518DE3A5-A354-418C-8C25-15D7036B6139}.Debug|Any CPU.ActiveCfg = Debug|Any CPU
		{518DE3A5-A354-418C-8C25-15D7036B6139}.Debug|Any CPU.Build.0 = Debug|Any CPU
		{518DE3A5-A354-418C-8C25-15D7036B6139}.Release|Any CPU.ActiveCfg = Release|Any CPU
		{518DE3A5-A354-418C-8C25-15D7036B6139}.Release|Any CPU.Build.0 = Release|Any CPU
		{365E4D37-E19A-47D5-8274-FD1CFE1BCDF5}.Debug|Any CPU.ActiveCfg = Debug|Any CPU
		{365E4D37-E19A-47D5-8274-FD1CFE1BCDF5}.Debug|Any CPU.Build.0 = Debug|Any CPU
		{365E4D37-E19A-47D5-8274-FD1CFE1BCDF5}.Release|Any CPU.ActiveCfg = Release|Any CPU
		{365E4D37-E19A-47D5-8274-FD1CFE1BCDF5}.Release|Any CPU.Build.0 = Release|Any CPU
		{40FDE7C3-11F7-43D1-86E9-CF9103A2E4A5}.Debug|Any CPU.ActiveCfg = Debug|Any CPU
		{40FDE7C3-11F7-43D1-86E9-CF9103A2E4A5}.Debug|Any CPU.Build.0 = Debug|Any CPU
		{40FDE7C3-11F7-43D1-86E9-CF9103A2E4A5}.Release|Any CPU.ActiveCfg = Release|Any CPU
		{40FDE7C3-11F7-43D1-86E9-CF9103A2E4A5}.Release|Any CPU.Build.0 = Release|Any CPU
		{31354F6C-BA07-4126-985E-A18BB9FABD6F}.Debug|Any CPU.ActiveCfg = Debug|Any CPU
		{31354F6C-BA07-4126-985E-A18BB9FABD6F}.Debug|Any CPU.Build.0 = Debug|Any CPU
		{31354F6C-BA07-4126-985E-A18BB9FABD6F}.Release|Any CPU.ActiveCfg = Release|Any CPU
		{31354F6C-BA07-4126-985E-A18BB9FABD6F}.Release|Any CPU.Build.0 = Release|Any CPU
		{192C31A8-05F0-4E45-8CB0-892525B14922}.Debug|Any CPU.ActiveCfg = Debug|Any CPU
		{192C31A8-05F0-4E45-8CB0-892525B14922}.Debug|Any CPU.Build.0 = Debug|Any CPU
		{192C31A8-05F0-4E45-8CB0-892525B14922}.Release|Any CPU.ActiveCfg = Release|Any CPU
		{192C31A8-05F0-4E45-8CB0-892525B14922}.Release|Any CPU.Build.0 = Release|Any CPU
		{820AB560-E045-4A0B-97E0-727578D17FE3}.Debug|Any CPU.ActiveCfg = Debug|Any CPU
		{820AB560-E045-4A0B-97E0-727578D17FE3}.Debug|Any CPU.Build.0 = Debug|Any CPU
		{820AB560-E045-4A0B-97E0-727578D17FE3}.Release|Any CPU.ActiveCfg = Release|Any CPU
		{820AB560-E045-4A0B-97E0-727578D17FE3}.Release|Any CPU.Build.0 = Release|Any CPU
		{55E2A18C-F31A-4381-BE24-BC8050F2A7E8}.Debug|Any CPU.ActiveCfg = Debug|Any CPU
		{55E2A18C-F31A-4381-BE24-BC8050F2A7E8}.Debug|Any CPU.Build.0 = Debug|Any CPU
		{55E2A18C-F31A-4381-BE24-BC8050F2A7E8}.Release|Any CPU.ActiveCfg = Release|Any CPU
		{55E2A18C-F31A-4381-BE24-BC8050F2A7E8}.Release|Any CPU.Build.0 = Release|Any CPU
		{E49AF388-1D52-4A07-A334-18B9BDD98073}.Debug|Any CPU.ActiveCfg = Debug|Any CPU
		{E49AF388-1D52-4A07-A334-18B9BDD98073}.Debug|Any CPU.Build.0 = Debug|Any CPU
		{E49AF388-1D52-4A07-A334-18B9BDD98073}.Release|Any CPU.ActiveCfg = Release|Any CPU
		{E49AF388-1D52-4A07-A334-18B9BDD98073}.Release|Any CPU.Build.0 = Release|Any CPU
		{776483FC-267D-4693-8D06-4ABBE0FD6201}.Debug|Any CPU.ActiveCfg = Debug|Any CPU
		{776483FC-267D-4693-8D06-4ABBE0FD6201}.Debug|Any CPU.Build.0 = Debug|Any CPU
		{776483FC-267D-4693-8D06-4ABBE0FD6201}.Release|Any CPU.ActiveCfg = Release|Any CPU
		{776483FC-267D-4693-8D06-4ABBE0FD6201}.Release|Any CPU.Build.0 = Release|Any CPU
		{535710C4-93F1-46B5-9E1C-6A47C8C07BD8}.Debug|Any CPU.ActiveCfg = Debug|Any CPU
		{535710C4-93F1-46B5-9E1C-6A47C8C07BD8}.Debug|Any CPU.Build.0 = Debug|Any CPU
		{535710C4-93F1-46B5-9E1C-6A47C8C07BD8}.Release|Any CPU.ActiveCfg = Release|Any CPU
		{535710C4-93F1-46B5-9E1C-6A47C8C07BD8}.Release|Any CPU.Build.0 = Release|Any CPU
	EndGlobalSection
	GlobalSection(NestedProjects) = preSolution
		{879745CD-EA79-42E2-A5E5-19405E0D352C} = {AD9722B3-CF5A-48BC-A4DA-1ABFFA6A6A86}
		{85A24BEE-48D7-42A0-942C-10D45B6A32FD} = {879745CD-EA79-42E2-A5E5-19405E0D352C}
		{B094F109-5F69-448A-94A1-B55B2B367A93} = {85A24BEE-48D7-42A0-942C-10D45B6A32FD}
		{20C86C73-E487-491A-A682-F68323E0394B} = {85A24BEE-48D7-42A0-942C-10D45B6A32FD}
		{E64B7D85-D458-47A6-B2CE-49AFDFCC5062} = {879745CD-EA79-42E2-A5E5-19405E0D352C}
		{DF93BE0C-2153-4AB3-BB1F-7AD632718F1E} = {E64B7D85-D458-47A6-B2CE-49AFDFCC5062}
		{A3E870D7-E652-4986-A611-5EC645EA464B} = {E64B7D85-D458-47A6-B2CE-49AFDFCC5062}
		{A78C9BA4-EE65-4526-AED7-71295CF5600D} = {879745CD-EA79-42E2-A5E5-19405E0D352C}
		{53366628-16DD-41F0-B17A-DB2149B9275A} = {A78C9BA4-EE65-4526-AED7-71295CF5600D}
		{3CC6B3A3-E33E-4FD4-9CC5-9A1C392348D8} = {A78C9BA4-EE65-4526-AED7-71295CF5600D}
		{DCF2102C-BEFA-4790-83A6-09176E349634} = {AD9722B3-CF5A-48BC-A4DA-1ABFFA6A6A86}
		{52C20959-9AD6-4705-A7D4-D2F8A2B62B04} = {DCF2102C-BEFA-4790-83A6-09176E349634}
		{36B295E4-EC56-4761-808C-9AA7F28A31E0} = {52C20959-9AD6-4705-A7D4-D2F8A2B62B04}
		{FEC5B454-27EB-4AB6-9E96-EE90F7E0C246} = {DCF2102C-BEFA-4790-83A6-09176E349634}
		{518DE3A5-A354-418C-8C25-15D7036B6139} = {FEC5B454-27EB-4AB6-9E96-EE90F7E0C246}
		{6283B864-27F0-44A3-8DC3-21B50C91C8E8} = {DCF2102C-BEFA-4790-83A6-09176E349634}
		{365E4D37-E19A-47D5-8274-FD1CFE1BCDF5} = {6283B864-27F0-44A3-8DC3-21B50C91C8E8}
		{090577CA-4C6F-4C20-9569-DE164386D7DA} = {DCF2102C-BEFA-4790-83A6-09176E349634}
		{40FDE7C3-11F7-43D1-86E9-CF9103A2E4A5} = {090577CA-4C6F-4C20-9569-DE164386D7DA}
		{9AB1756D-5AD6-4A79-9BB7-8625A032DE80} = {AD9722B3-CF5A-48BC-A4DA-1ABFFA6A6A86}
		{943EF77C-8B75-4664-990C-76ABF2651CF8} = {9AB1756D-5AD6-4A79-9BB7-8625A032DE80}
		{31354F6C-BA07-4126-985E-A18BB9FABD6F} = {943EF77C-8B75-4664-990C-76ABF2651CF8}
		{3DCAC87A-7D7B-47C0-BF2C-09C85ED55710} = {9AB1756D-5AD6-4A79-9BB7-8625A032DE80}
		{192C31A8-05F0-4E45-8CB0-892525B14922} = {3DCAC87A-7D7B-47C0-BF2C-09C85ED55710}
		{1B0258F6-2738-4592-A66F-377AC7727C6A} = {9AB1756D-5AD6-4A79-9BB7-8625A032DE80}
		{820AB560-E045-4A0B-97E0-727578D17FE3} = {1B0258F6-2738-4592-A66F-377AC7727C6A}
		{151470D0-2949-4F42-BE4C-699B8BA59BDC} = {AD9722B3-CF5A-48BC-A4DA-1ABFFA6A6A86}
		{55E2A18C-F31A-4381-BE24-BC8050F2A7E8} = {151470D0-2949-4F42-BE4C-699B8BA59BDC}
		{E49AF388-1D52-4A07-A334-18B9BDD98073} = {151470D0-2949-4F42-BE4C-699B8BA59BDC}
		{331BC7AE-5AD9-4077-82E4-2C5B3D21E562} = {AD9722B3-CF5A-48BC-A4DA-1ABFFA6A6A86}
		{776483FC-267D-4693-8D06-4ABBE0FD6201} = {331BC7AE-5AD9-4077-82E4-2C5B3D21E562}
		{535710C4-93F1-46B5-9E1C-6A47C8C07BD8} = {331BC7AE-5AD9-4077-82E4-2C5B3D21E562}
	EndGlobalSection
EndGlobal
