
Microsoft Visual Studio Solution File, Format Version 12.00
# Visual Studio Version 17
VisualStudioVersion = 17.0.31903.59
MinimumVisualStudioVersion = 10.0.40219.1
Project("{2150E333-8FDC-42A3-9474-1A3956D46DE8}") = "src", "src", "{919AA127-8407-4436-BC62-B7D0EA477DD9}"
EndProject
Project("{9A19103F-16F7-4668-BE54-9A1E7A4F7556}") = "ParusRx.Data.Core", "src\Data\src\ParusRx.Data.Core\ParusRx.Data.Core.csproj", "{80B528ED-DB5F-4243-BCAB-3A7DB509B13A}"
EndProject
Project("{2150E333-8FDC-42A3-9474-1A3956D46DE8}") = "test", "test", "{087B096F-8231-450F-8258-648D33C2FF13}"
EndProject
Project("{9A19103F-16F7-4668-BE54-9A1E7A4F7556}") = "ParusRx.Data.Core.Tests", "src\Data\test\ParusRx.Data.Core.Tests\ParusRx.Data.Core.Tests.csproj", "{4F19E074-3ABD-488E-8B39-3810CDF41646}"
EndProject
Project("{9A19103F-16F7-4668-BE54-9A1E7A4F7556}") = "ParusRx.Data.Oracle", "src\Data\src\ParusRx.Data.Oracle\ParusRx.Data.Oracle.csproj", "{22FDD84C-7957-40BA-8FB9-417A8D11B808}"
EndProject
Project("{9A19103F-16F7-4668-BE54-9A1E7A4F7556}") = "ParusRx.Data.Oracle.Tests", "src\Data\test\ParusRx.Data.Oracle.Tests\ParusRx.Data.Oracle.Tests.csproj", "{1C1F1719-5BAF-43B5-82B3-37C5D38739EB}"
EndProject
Project("{9A19103F-16F7-4668-BE54-9A1E7A4F7556}") = "ParusRx.Data.PostgreSql", "src\Data\src\ParusRx.Data.PostgreSql\ParusRx.Data.PostgreSql.csproj", "{EA8A173B-D800-4FFE-BC5F-2D6CFD0C465B}"
EndProject
Project("{9A19103F-16F7-4668-BE54-9A1E7A4F7556}") = "ParusRx.Data.PostgreSql.Tests", "src\Data\test\ParusRx.Data.PostgreSql.Tests\ParusRx.Data.PostgreSql.Tests.csproj", "{CEB78930-234A-42DF-9571-8F2430B0DEB0}"
EndProject
Project("{2150E333-8FDC-42A3-9474-1A3956D46DE8}") = "Data", "Data", "{30D176EB-D522-4440-B2FD-2369D15DB312}"
EndProject
Project("{2150E333-8FDC-42A3-9474-1A3956D46DE8}") = "src", "src", "{BD04B208-D030-409F-AC80-3A926364F2CC}"
EndProject
Project("{2150E333-8FDC-42A3-9474-1A3956D46DE8}") = "Xml", "Xml", "{7EDFA905-0BD6-4A22-AC32-46923196AB34}"
EndProject
Project("{2150E333-8FDC-42A3-9474-1A3956D46DE8}") = "src", "src", "{8311ED85-9C98-4DF9-9ACB-41DBEDEE9030}"
EndProject
Project("{FAE04EC0-301F-11D3-BF4B-00C04F79EFBC}") = "ParusRx.Xml", "src\Xml\src\ParusRx.Xml\ParusRx.Xml.csproj", "{B68D6C48-8DE5-4071-8AEB-7F14F78EF452}"
EndProject
Project("{2150E333-8FDC-42A3-9474-1A3956D46DE8}") = "test", "test", "{A79F1150-711A-48C9-8315-2D2CC027C13D}"
EndProject
Project("{FAE04EC0-301F-11D3-BF4B-00C04F79EFBC}") = "ParusRx.Xml.Tests", "src\Xml\test\ParusRx.Xml.Tests\ParusRx.Xml.Tests.csproj", "{0B79BD6B-9984-4475-B925-281F00807518}"
EndProject
Project("{2150E333-8FDC-42A3-9474-1A3956D46DE8}") = "EventBus", "EventBus", "{35145E4D-D546-45FA-8939-4073712948D1}"
EndProject
Project("{2150E333-8FDC-42A3-9474-1A3956D46DE8}") = "src", "src", "{A0D7E2D4-260D-43F1-B5D2-4BC5059FB470}"
EndProject
Project("{FAE04EC0-301F-11D3-BF4B-00C04F79EFBC}") = "ParusRx.EventBus.Abstractions", "src\EventBus\src\ParusRx.EventBus.Abstractions\ParusRx.EventBus.Abstractions.csproj", "{0A330380-EDED-43DB-9A15-72B85F5402D4}"
EndProject
Project("{FAE04EC0-301F-11D3-BF4B-00C04F79EFBC}") = "ParusRx.EventBus", "src\EventBus\src\ParusRx.EventBus\ParusRx.EventBus.csproj", "{C2DAAA61-0A5E-4B06-A910-F5595CD991BE}"
EndProject
Project("{FAE04EC0-301F-11D3-BF4B-00C04F79EFBC}") = "ParusRx.EventBus.Dapr", "src\EventBus\src\ParusRx.EventBus.Dapr\ParusRx.EventBus.Dapr.csproj", "{F02EEDCC-6AF2-4D79-A5AA-9080DD295DB1}"
EndProject
Project("{FAE04EC0-301F-11D3-BF4B-00C04F79EFBC}") = "ParusRx.EventBus.MultiTenancy", "src\EventBus\src\ParusRx.EventBus.MultiTenancy\ParusRx.EventBus.MultiTenancy.csproj", "{355159C8-FD68-43C2-98A2-0E9DD886C99C}"
EndProject
Global
	GlobalSection(SolutionConfigurationPlatforms) = preSolution
		Debug|Any CPU = Debug|Any CPU
		Release|Any CPU = Release|Any CPU
	EndGlobalSection
	GlobalSection(ProjectConfigurationPlatforms) = postSolution
		{80B528ED-DB5F-4243-BCAB-3A7DB509B13A}.Debug|Any CPU.ActiveCfg = Debug|Any CPU
		{80B528ED-DB5F-4243-BCAB-3A7DB509B13A}.Debug|Any CPU.Build.0 = Debug|Any CPU
		{80B528ED-DB5F-4243-BCAB-3A7DB509B13A}.Release|Any CPU.ActiveCfg = Release|Any CPU
		{80B528ED-DB5F-4243-BCAB-3A7DB509B13A}.Release|Any CPU.Build.0 = Release|Any CPU
		{4F19E074-3ABD-488E-8B39-3810CDF41646}.Debug|Any CPU.ActiveCfg = Debug|Any CPU
		{4F19E074-3ABD-488E-8B39-3810CDF41646}.Debug|Any CPU.Build.0 = Debug|Any CPU
		{4F19E074-3ABD-488E-8B39-3810CDF41646}.Release|Any CPU.ActiveCfg = Release|Any CPU
		{4F19E074-3ABD-488E-8B39-3810CDF41646}.Release|Any CPU.Build.0 = Release|Any CPU
		{22FDD84C-7957-40BA-8FB9-417A8D11B808}.Debug|Any CPU.ActiveCfg = Debug|Any CPU
		{22FDD84C-7957-40BA-8FB9-417A8D11B808}.Debug|Any CPU.Build.0 = Debug|Any CPU
		{22FDD84C-7957-40BA-8FB9-417A8D11B808}.Release|Any CPU.ActiveCfg = Release|Any CPU
		{22FDD84C-7957-40BA-8FB9-417A8D11B808}.Release|Any CPU.Build.0 = Release|Any CPU
		{1C1F1719-5BAF-43B5-82B3-37C5D38739EB}.Debug|Any CPU.ActiveCfg = Debug|Any CPU
		{1C1F1719-5BAF-43B5-82B3-37C5D38739EB}.Debug|Any CPU.Build.0 = Debug|Any CPU
		{1C1F1719-5BAF-43B5-82B3-37C5D38739EB}.Release|Any CPU.ActiveCfg = Release|Any CPU
		{1C1F1719-5BAF-43B5-82B3-37C5D38739EB}.Release|Any CPU.Build.0 = Release|Any CPU
		{EA8A173B-D800-4FFE-BC5F-2D6CFD0C465B}.Debug|Any CPU.ActiveCfg = Debug|Any CPU
		{EA8A173B-D800-4FFE-BC5F-2D6CFD0C465B}.Debug|Any CPU.Build.0 = Debug|Any CPU
		{EA8A173B-D800-4FFE-BC5F-2D6CFD0C465B}.Release|Any CPU.ActiveCfg = Release|Any CPU
		{EA8A173B-D800-4FFE-BC5F-2D6CFD0C465B}.Release|Any CPU.Build.0 = Release|Any CPU
		{CEB78930-234A-42DF-9571-8F2430B0DEB0}.Debug|Any CPU.ActiveCfg = Debug|Any CPU
		{CEB78930-234A-42DF-9571-8F2430B0DEB0}.Debug|Any CPU.Build.0 = Debug|Any CPU
		{CEB78930-234A-42DF-9571-8F2430B0DEB0}.Release|Any CPU.ActiveCfg = Release|Any CPU
		{CEB78930-234A-42DF-9571-8F2430B0DEB0}.Release|Any CPU.Build.0 = Release|Any CPU
		{B68D6C48-8DE5-4071-8AEB-7F14F78EF452}.Debug|Any CPU.ActiveCfg = Debug|Any CPU
		{B68D6C48-8DE5-4071-8AEB-7F14F78EF452}.Debug|Any CPU.Build.0 = Debug|Any CPU
		{B68D6C48-8DE5-4071-8AEB-7F14F78EF452}.Release|Any CPU.ActiveCfg = Release|Any CPU
		{B68D6C48-8DE5-4071-8AEB-7F14F78EF452}.Release|Any CPU.Build.0 = Release|Any CPU
		{0B79BD6B-9984-4475-B925-281F00807518}.Debug|Any CPU.ActiveCfg = Debug|Any CPU
		{0B79BD6B-9984-4475-B925-281F00807518}.Debug|Any CPU.Build.0 = Debug|Any CPU
		{0B79BD6B-9984-4475-B925-281F00807518}.Release|Any CPU.ActiveCfg = Release|Any CPU
		{0B79BD6B-9984-4475-B925-281F00807518}.Release|Any CPU.Build.0 = Release|Any CPU
		{0A330380-EDED-43DB-9A15-72B85F5402D4}.Debug|Any CPU.ActiveCfg = Debug|Any CPU
		{0A330380-EDED-43DB-9A15-72B85F5402D4}.Debug|Any CPU.Build.0 = Debug|Any CPU
		{0A330380-EDED-43DB-9A15-72B85F5402D4}.Release|Any CPU.ActiveCfg = Release|Any CPU
		{0A330380-EDED-43DB-9A15-72B85F5402D4}.Release|Any CPU.Build.0 = Release|Any CPU
		{C2DAAA61-0A5E-4B06-A910-F5595CD991BE}.Debug|Any CPU.ActiveCfg = Debug|Any CPU
		{C2DAAA61-0A5E-4B06-A910-F5595CD991BE}.Debug|Any CPU.Build.0 = Debug|Any CPU
		{C2DAAA61-0A5E-4B06-A910-F5595CD991BE}.Release|Any CPU.ActiveCfg = Release|Any CPU
		{C2DAAA61-0A5E-4B06-A910-F5595CD991BE}.Release|Any CPU.Build.0 = Release|Any CPU
		{F02EEDCC-6AF2-4D79-A5AA-9080DD295DB1}.Debug|Any CPU.ActiveCfg = Debug|Any CPU
		{F02EEDCC-6AF2-4D79-A5AA-9080DD295DB1}.Debug|Any CPU.Build.0 = Debug|Any CPU
		{F02EEDCC-6AF2-4D79-A5AA-9080DD295DB1}.Release|Any CPU.ActiveCfg = Release|Any CPU
		{F02EEDCC-6AF2-4D79-A5AA-9080DD295DB1}.Release|Any CPU.Build.0 = Release|Any CPU
		{355159C8-FD68-43C2-98A2-0E9DD886C99C}.Debug|Any CPU.ActiveCfg = Debug|Any CPU
		{355159C8-FD68-43C2-98A2-0E9DD886C99C}.Debug|Any CPU.Build.0 = Debug|Any CPU
		{355159C8-FD68-43C2-98A2-0E9DD886C99C}.Release|Any CPU.ActiveCfg = Release|Any CPU
		{355159C8-FD68-43C2-98A2-0E9DD886C99C}.Release|Any CPU.Build.0 = Release|Any CPU
	EndGlobalSection
	GlobalSection(SolutionProperties) = preSolution
		HideSolutionNode = FALSE
	EndGlobalSection
	GlobalSection(NestedProjects) = preSolution
		{919AA127-8407-4436-BC62-B7D0EA477DD9} = {30D176EB-D522-4440-B2FD-2369D15DB312}
		{80B528ED-DB5F-4243-BCAB-3A7DB509B13A} = {919AA127-8407-4436-BC62-B7D0EA477DD9}
		{087B096F-8231-450F-8258-648D33C2FF13} = {30D176EB-D522-4440-B2FD-2369D15DB312}
		{4F19E074-3ABD-488E-8B39-3810CDF41646} = {087B096F-8231-450F-8258-648D33C2FF13}
		{22FDD84C-7957-40BA-8FB9-417A8D11B808} = {919AA127-8407-4436-BC62-B7D0EA477DD9}
		{1C1F1719-5BAF-43B5-82B3-37C5D38739EB} = {087B096F-8231-450F-8258-648D33C2FF13}
		{EA8A173B-D800-4FFE-BC5F-2D6CFD0C465B} = {919AA127-8407-4436-BC62-B7D0EA477DD9}
		{CEB78930-234A-42DF-9571-8F2430B0DEB0} = {087B096F-8231-450F-8258-648D33C2FF13}
		{30D176EB-D522-4440-B2FD-2369D15DB312} = {BD04B208-D030-409F-AC80-3A926364F2CC}
		{7EDFA905-0BD6-4A22-AC32-46923196AB34} = {BD04B208-D030-409F-AC80-3A926364F2CC}
		{8311ED85-9C98-4DF9-9ACB-41DBEDEE9030} = {7EDFA905-0BD6-4A22-AC32-46923196AB34}
		{B68D6C48-8DE5-4071-8AEB-7F14F78EF452} = {8311ED85-9C98-4DF9-9ACB-41DBEDEE9030}
		{A79F1150-711A-48C9-8315-2D2CC027C13D} = {7EDFA905-0BD6-4A22-AC32-46923196AB34}
		{0B79BD6B-9984-4475-B925-281F00807518} = {A79F1150-711A-48C9-8315-2D2CC027C13D}
		{35145E4D-D546-45FA-8939-4073712948D1} = {BD04B208-D030-409F-AC80-3A926364F2CC}
		{A0D7E2D4-260D-43F1-B5D2-4BC5059FB470} = {35145E4D-D546-45FA-8939-4073712948D1}
		{0A330380-EDED-43DB-9A15-72B85F5402D4} = {A0D7E2D4-260D-43F1-B5D2-4BC5059FB470}
		{C2DAAA61-0A5E-4B06-A910-F5595CD991BE} = {A0D7E2D4-260D-43F1-B5D2-4BC5059FB470}
		{F02EEDCC-6AF2-4D79-A5AA-9080DD295DB1} = {A0D7E2D4-260D-43F1-B5D2-4BC5059FB470}
		{355159C8-FD68-43C2-98A2-0E9DD886C99C} = {A0D7E2D4-260D-43F1-B5D2-4BC5059FB470}
	EndGlobalSection
EndGlobal
